# This file is automatically @generated by Poetry 2.1.4 and should not be changed by hand.

[[package]]
name = "asgiref"
version = "3.9.1"
description = "ASGI specs, helper code, and adapters"
optional = false
python-versions = ">=3.9"
groups = ["main"]
files = [
    {file = "asgiref-3.9.1-py3-none-any.whl", hash = "sha256:f3bba7092a48005b5f5bacd747d36ee4a5a61f4a269a6df590b43144355ebd2c"},
    {file = "asgiref-3.9.1.tar.gz", hash = "sha256:a5ab6582236218e5ef1648f242fd9f10626cfd4de8dc377db215d5d5098e3142"},
]

[package.extras]
tests = ["mypy (>=1.14.0)", "pytest", "pytest-asyncio"]

[[package]]
name = "asttokens"
version = "3.0.0"
description = "Annotate AST trees with source code positions"
optional = false
python-versions = ">=3.8"
groups = ["main"]
files = [
    {file = "asttokens-3.0.0-py3-none-any.whl", hash = "sha256:e3078351a059199dd5138cb1c706e6430c05eff2ff136af5eb4790f9d28932e2"},
    {file = "asttokens-3.0.0.tar.gz", hash = "sha256:0dcd8baa8d62b0c1d118b399b2ddba3c4aff271d0d7a9e0d4c1681c79035bbc7"},
]

[package.extras]
astroid = ["astroid (>=2,<4)"]
test = ["astroid (>=2,<4)", "pytest", "pytest-cov", "pytest-xdist"]

[[package]]
name = "colorama"
version = "0.4.6"
description = "Cross-platform colored terminal text."
optional = false
python-versions = "!=3.0.*,!=3.1.*,!=3.2.*,!=3.3.*,!=3.4.*,!=3.5.*,!=3.6.*,>=2.7"
groups = ["main"]
markers = "sys_platform == \"win32\""
files = [
    {file = "colorama-0.4.6-py2.py3-none-any.whl", hash = "sha256:4f1d9991f5acc0ca119f9d443620b77f9d6b33703e51011c16baf57afb285fc6"},
    {file = "colorama-0.4.6.tar.gz", hash = "sha256:08695f5cb7ed6e0531a20572697297273c47b8cae5a63ffc6d6ed5c201be6e44"},
]

[[package]]
name = "decorator"
version = "5.2.1"
description = "Decorators for Humans"
optional = false
python-versions = ">=3.8"
groups = ["main"]
files = [
    {file = "decorator-5.2.1-py3-none-any.whl", hash = "sha256:d316bb415a2d9e2d2b3abcc4084c6502fc09240e292cd76a76afc106a1c8e04a"},
    {file = "decorator-5.2.1.tar.gz", hash = "sha256:65f266143752f734b0a7cc83c46f4618af75b8c5911b00ccb61d0ac9b6da0360"},
]

[[package]]
name = "django"
version = "5.2.6"
description = "A high-level Python web framework that encourages rapid development and clean, pragmatic design."
optional = false
python-versions = ">=3.10"
groups = ["main"]
files = [
    {file = "django-5.2.6-py3-none-any.whl", hash = "sha256:60549579b1174a304b77e24a93d8d9fafe6b6c03ac16311f3e25918ea5a20058"},
    {file = "django-5.2.6.tar.gz", hash = "sha256:da5e00372763193d73cecbf71084a3848458cecf4cee36b9a1e8d318d114a87b"},
]

[package.dependencies]
asgiref = ">=3.8.1"
sqlparse = ">=0.3.1"
tzdata = {version = "*", markers = "sys_platform == \"win32\""}

[package.extras]
argon2 = ["argon2-cffi (>=19.1.0)"]
bcrypt = ["bcrypt"]

[[package]]
name = "django-extension"
version = "0.1.0"
description = "Add your description here"
optional = false
python-versions = ">=3.11"
groups = ["main"]
files = [
    {file = "django_extension-0.1.0-py3-none-any.whl", hash = "sha256:a90ea6595980c07e6cedc43973825d3070d7671b1d77b6b20d6f03c41dd2ed1f"},
    {file = "django_extension-0.1.0.tar.gz", hash = "sha256:b62370238e0cdeb675178bcf6ac47d14256c76b51b898cb3b7d005ace5365ce2"},
]

[package.dependencies]
django = ">=5.2.2"
pymongo = ">=4.13.0"
ruff = ">=0.11.13"
shelve-cache = ">=0.0.4"

[[package]]
name = "django-extensions"
version = "4.1"
description = "Extensions for Django"
optional = false
python-versions = ">=3.9"
groups = ["main"]
files = [
    {file = "django_extensions-4.1-py3-none-any.whl", hash = "sha256:0699a7af28f2523bf8db309a80278519362cd4b6e1fd0a8cd4bf063e1e023336"},
    {file = "django_extensions-4.1.tar.gz", hash = "sha256:7b70a4d28e9b840f44694e3f7feb54f55d495f8b3fa6c5c0e5e12bcb2aa3cdeb"},
]

[package.dependencies]
django = ">=4.2"

[[package]]
name = "dnspython"
version = "2.8.0"
description = "DNS toolkit"
optional = false
python-versions = ">=3.10"
groups = ["main"]
files = [
    {file = "dnspython-2.8.0-py3-none-any.whl", hash = "sha256:01d9bbc4a2d76bf0db7c1f729812ded6d912bd318d3b1cf81d30c0f845dbf3af"},
    {file = "dnspython-2.8.0.tar.gz", hash = "sha256:181d3c6996452cb1189c4046c61599b84a5a86e099562ffde77d26984ff26d0f"},
]

[package.extras]
dev = ["black (>=25.1.0)", "coverage (>=7.0)", "flake8 (>=7)", "hypercorn (>=0.17.0)", "mypy (>=1.17)", "pylint (>=3)", "pytest (>=8.4)", "pytest-cov (>=6.2.0)", "quart-trio (>=0.12.0)", "sphinx (>=8.2.0)", "sphinx-rtd-theme (>=3.0.0)", "twine (>=6.1.0)", "wheel (>=0.45.0)"]
dnssec = ["cryptography (>=45)"]
doh = ["h2 (>=4.2.0)", "httpcore (>=1.0.0)", "httpx (>=0.28.0)"]
doq = ["aioquic (>=1.2.0)"]
idna = ["idna (>=3.10)"]
trio = ["trio (>=0.30)"]
wmi = ["wmi (>=1.5.1) ; platform_system == \"Windows\""]

[[package]]
name = "executing"
version = "2.2.1"
description = "Get the currently executing AST node of a frame, and other information"
optional = false
python-versions = ">=3.8"
groups = ["main"]
files = [
    {file = "executing-2.2.1-py2.py3-none-any.whl", hash = "sha256:760643d3452b4d777d295bb167ccc74c64a81df23fb5e08eff250c425a4b2017"},
    {file = "executing-2.2.1.tar.gz", hash = "sha256:3632cc370565f6648cc328b32435bd120a1e4ebb20c77e3fdde9a13cd1e533c4"},
]

[package.extras]
tests = ["asttokens (>=2.1.0)", "coverage", "coverage-enable-subprocess", "ipython", "littleutils", "pytest", "rich ; python_version >= \"3.11\""]

[[package]]
name = "ipython"
version = "9.5.0"
description = "IPython: Productive Interactive Computing"
optional = false
python-versions = ">=3.11"
groups = ["main"]
files = [
    {file = "ipython-9.5.0-py3-none-any.whl", hash = "sha256:88369ffa1d5817d609120daa523a6da06d02518e582347c29f8451732a9c5e72"},
    {file = "ipython-9.5.0.tar.gz", hash = "sha256:129c44b941fe6d9b82d36fc7a7c18127ddb1d6f02f78f867f402e2e3adde3113"},
]

[package.dependencies]
colorama = {version = "*", markers = "sys_platform == \"win32\""}
decorator = "*"
ipython-pygments-lexers = "*"
jedi = ">=0.16"
matplotlib-inline = "*"
pexpect = {version = ">4.3", markers = "sys_platform != \"win32\" and sys_platform != \"emscripten\""}
prompt_toolkit = ">=3.0.41,<3.1.0"
pygments = ">=2.4.0"
stack_data = "*"
traitlets = ">=5.13.0"

[package.extras]
all = ["ipython[doc,matplotlib,test,test-extra]"]
black = ["black"]
doc = ["docrepr", "exceptiongroup", "intersphinx_registry", "ipykernel", "ipython[test]", "matplotlib", "setuptools (>=18.5)", "sphinx (>=1.3)", "sphinx-rtd-theme", "sphinx_toml (==0.0.4)", "typing_extensions"]
matplotlib = ["matplotlib"]
test = ["packaging", "pytest", "pytest-asyncio", "testpath"]
test-extra = ["curio", "ipykernel", "ipython[test]", "jupyter_ai", "matplotlib (!=3.2.0)", "nbclient", "nbformat", "numpy (>=1.23)", "pandas", "trio"]

[[package]]
name = "ipython-pygments-lexers"
version = "1.1.1"
description = "Defines a variety of Pygments lexers for highlighting IPython code."
optional = false
python-versions = ">=3.8"
groups = ["main"]
files = [
    {file = "ipython_pygments_lexers-1.1.1-py3-none-any.whl", hash = "sha256:a9462224a505ade19a605f71f8fa63c2048833ce50abc86768a0d81d876dc81c"},
    {file = "ipython_pygments_lexers-1.1.1.tar.gz", hash = "sha256:09c0138009e56b6854f9535736f4171d855c8c08a563a0dcd8022f78355c7e81"},
]

[package.dependencies]
pygments = "*"

[[package]]
name = "jedi"
version = "0.19.2"
description = "An autocompletion tool for Python that can be used for text editors."
optional = false
python-versions = ">=3.6"
groups = ["main"]
files = [
    {file = "jedi-0.19.2-py2.py3-none-any.whl", hash = "sha256:a8ef22bde8490f57fe5c7681a3c83cb58874daf72b4784de3cce5b6ef6edb5b9"},
    {file = "jedi-0.19.2.tar.gz", hash = "sha256:4770dc3de41bde3966b02eb84fbcf557fb33cce26ad23da12c742fb50ecb11f0"},
]

[package.dependencies]
parso = ">=0.8.4,<0.9.0"

[package.extras]
docs = ["Jinja2 (==2.11.3)", "MarkupSafe (==1.1.1)", "Pygments (==2.8.1)", "alabaster (==0.7.12)", "babel (==2.9.1)", "chardet (==4.0.0)", "commonmark (==0.8.1)", "docutils (==0.17.1)", "future (==0.18.2)", "idna (==2.10)", "imagesize (==1.2.0)", "mock (==1.0.1)", "packaging (==20.9)", "pyparsing (==2.4.7)", "pytz (==2021.1)", "readthedocs-sphinx-ext (==2.1.4)", "recommonmark (==0.5.0)", "requests (==2.25.1)", "six (==1.15.0)", "snowballstemmer (==2.1.0)", "sphinx (==1.8.5)", "sphinx-rtd-theme (==0.4.3)", "sphinxcontrib-serializinghtml (==1.1.4)", "sphinxcontrib-websupport (==1.2.4)", "urllib3 (==1.26.4)"]
qa = ["flake8 (==5.0.4)", "mypy (==0.971)", "types-setuptools (==67.2.0.1)"]
testing = ["Django", "attrs", "colorama", "docopt", "pytest (<9.0.0)"]

[[package]]
name = "matplotlib-inline"
version = "0.1.7"
description = "Inline Matplotlib backend for Jupyter"
optional = false
python-versions = ">=3.8"
groups = ["main"]
files = [
    {file = "matplotlib_inline-0.1.7-py3-none-any.whl", hash = "sha256:df192d39a4ff8f21b1895d72e6a13f5fcc5099f00fa84384e0ea28c2cc0653ca"},
    {file = "matplotlib_inline-0.1.7.tar.gz", hash = "sha256:8423b23ec666be3d16e16b60bdd8ac4e86e840ebd1dd11a30b9f117f2fa0ab90"},
]

[package.dependencies]
traitlets = "*"

[[package]]
name = "parso"
version = "0.8.5"
description = "A Python Parser"
optional = false
python-versions = ">=3.6"
groups = ["main"]
files = [
    {file = "parso-0.8.5-py2.py3-none-any.whl", hash = "sha256:646204b5ee239c396d040b90f9e272e9a8017c630092bf59980beb62fd033887"},
    {file = "parso-0.8.5.tar.gz", hash = "sha256:034d7354a9a018bdce352f48b2a8a450f05e9d6ee85db84764e9b6bd96dafe5a"},
]

[package.extras]
qa = ["flake8 (==5.0.4)", "mypy (==0.971)", "types-setuptools (==67.2.0.1)"]
testing = ["docopt", "pytest"]

[[package]]
name = "pexpect"
version = "4.9.0"
description = "Pexpect allows easy control of interactive console applications."
optional = false
python-versions = "*"
groups = ["main"]
markers = "sys_platform != \"win32\" and sys_platform != \"emscripten\""
files = [
    {file = "pexpect-4.9.0-py2.py3-none-any.whl", hash = "sha256:7236d1e080e4936be2dc3e326cec0af72acf9212a7e1d060210e70a47e253523"},
    {file = "pexpect-4.9.0.tar.gz", hash = "sha256:ee7d41123f3c9911050ea2c2dac107568dc43b2d3b0c7557a33212c398ead30f"},
]

[package.dependencies]
ptyprocess = ">=0.5"

[[package]]
name = "prompt-toolkit"
version = "3.0.52"
description = "Library for building powerful interactive command lines in Python"
optional = false
python-versions = ">=3.8"
groups = ["main"]
files = [
    {file = "prompt_toolkit-3.0.52-py3-none-any.whl", hash = "sha256:9aac639a3bbd33284347de5ad8d68ecc044b91a762dc39b7c21095fcd6a19955"},
    {file = "prompt_toolkit-3.0.52.tar.gz", hash = "sha256:28cde192929c8e7321de85de1ddbe736f1375148b02f2e17edd840042b1be855"},
]

[package.dependencies]
wcwidth = "*"

[[package]]
name = "ptyprocess"
version = "0.7.0"
description = "Run a subprocess in a pseudo terminal"
optional = false
python-versions = "*"
groups = ["main"]
markers = "sys_platform != \"win32\" and sys_platform != \"emscripten\""
files = [
    {file = "ptyprocess-0.7.0-py2.py3-none-any.whl", hash = "sha256:4b41f3967fce3af57cc7e94b888626c18bf37a083e3651ca8feeb66d492fef35"},
    {file = "ptyprocess-0.7.0.tar.gz", hash = "sha256:5c5d0a3b48ceee0b48485e0c26037c0acd7d29765ca3fbb5cb3831d347423220"},
]

[[package]]
name = "pure-eval"
version = "0.2.3"
description = "Safely evaluate AST nodes without side effects"
optional = false
python-versions = "*"
groups = ["main"]
files = [
    {file = "pure_eval-0.2.3-py3-none-any.whl", hash = "sha256:1db8e35b67b3d218d818ae653e27f06c3aa420901fa7b081ca98cbedc874e0d0"},
    {file = "pure_eval-0.2.3.tar.gz", hash = "sha256:5f4e983f40564c576c7c8635ae88db5956bb2229d7e9237d03b3c0b0190eaf42"},
]

[package.extras]
tests = ["pytest"]

[[package]]
name = "pygments"
version = "2.19.2"
description = "Pygments is a syntax highlighting package written in Python."
optional = false
python-versions = ">=3.8"
groups = ["main"]
files = [
    {file = "pygments-2.19.2-py3-none-any.whl", hash = "sha256:86540386c03d588bb81d44bc3928634ff26449851e99741617ecb9037ee5ec0b"},
    {file = "pygments-2.19.2.tar.gz", hash = "sha256:636cb2477cec7f8952536970bc533bc43743542f70392ae026374600add5b887"},
]

[package.extras]
windows-terminal = ["colorama (>=0.4.6)"]

[[package]]
name = "pymongo"
version = "4.15.0"
description = "PyMongo - the Official MongoDB Python driver"
optional = false
python-versions = ">=3.9"
groups = ["main"]
files = [
    {file = "pymongo-4.15.0-cp310-cp310-macosx_10_9_x86_64.whl", hash = "sha256:bf49cf9be05aeea81d1cd74f028bf6dad4d3028524a8534f7c62b29acf25bc86"},
    {file = "pymongo-4.15.0-cp310-cp310-macosx_11_0_arm64.whl", hash = "sha256:bdaf7fff3ae012ce365b4c1e50e671cf3f8625c5173a293b10f1ff54554e8b84"},
    {file = "pymongo-4.15.0-cp310-cp310-manylinux_2_17_aarch64.manylinux2014_aarch64.whl", hash = "sha256:ec783ff522ef364b38d0a529c959ec16035b6a9404d979de0cac1d9e44df2ebc"},
    {file = "pymongo-4.15.0-cp310-cp310-manylinux_2_17_ppc64le.manylinux2014_ppc64le.whl", hash = "sha256:ce5563232c675fe09bc9f0b249e55008d184d9c1c04c6a15715a515601c2d988"},
    {file = "pymongo-4.15.0-cp310-cp310-manylinux_2_17_s390x.manylinux2014_s390x.whl", hash = "sha256:530a0cbc1a008fa3218070f9b83e070daff0e7093570b3d819bff0a7b78f4a7c"},
    {file = "pymongo-4.15.0-cp310-cp310-manylinux_2_17_x86_64.manylinux2014_x86_64.whl", hash = "sha256:3d952327504f18d3b77b89c0af564740c74c6dbc7da6fddedb7f1d14282af86d"},
    {file = "pymongo-4.15.0-cp310-cp310-manylinux_2_5_i686.manylinux1_i686.manylinux_2_17_i686.manylinux2014_i686.whl", hash = "sha256:5ec4f54835c082fbd0a8463f70a12627e6bdae43117942efbc93fc48464737f8"},
    {file = "pymongo-4.15.0-cp310-cp310-win32.whl", hash = "sha256:f926eca9ae3d4d5ba61c47ec6782b4cb97579350fd674a92973a50c40e997af0"},
    {file = "pymongo-4.15.0-cp310-cp310-win_amd64.whl", hash = "sha256:c07e88e3470455702aeaac872c8c801c1c0aecb9ac6e8ce2b8d1c6650386cd07"},
    {file = "pymongo-4.15.0-cp310-cp310-win_arm64.whl", hash = "sha256:d4641611ca16b48d442fb450e802547ebb1c85022c808f71823ef92cb2e3b3d8"},
    {file = "pymongo-4.15.0-cp311-cp311-macosx_10_9_x86_64.whl", hash = "sha256:73933ce0e910236878c3d4620a57263f3010f89c1897b1fbbd0b58735aaa05d7"},
    {file = "pymongo-4.15.0-cp311-cp311-macosx_11_0_arm64.whl", hash = "sha256:2f178e865855d04cdd65db14990a685312d19e718c39fce5841a389105397d7f"},
    {file = "pymongo-4.15.0-cp311-cp311-manylinux_2_17_aarch64.manylinux2014_aarch64.whl", hash = "sha256:a9e8618fa198ea1081385dc85d024989f80ca3a6b7dded5b37ff62464fac4b6b"},
    {file = "pymongo-4.15.0-cp311-cp311-manylinux_2_17_ppc64le.manylinux2014_ppc64le.whl", hash = "sha256:672367016424949ac60215d42970d3c6e9b71c580d33568f9afca1a93d7ce11f"},
    {file = "pymongo-4.15.0-cp311-cp311-manylinux_2_17_s390x.manylinux2014_s390x.whl", hash = "sha256:6a6ecc13da312e727a3e96e478496629ff4c58a7d7695a700bb27c048457b66a"},
    {file = "pymongo-4.15.0-cp311-cp311-manylinux_2_17_x86_64.manylinux2014_x86_64.whl", hash = "sha256:81d9e193fe1fe7fa5fbcad9f6b661139ff51fc04a6eaaf5de8a9ad875cdb0e5e"},
    {file = "pymongo-4.15.0-cp311-cp311-manylinux_2_5_i686.manylinux1_i686.manylinux_2_17_i686.manylinux2014_i686.whl", hash = "sha256:0fb65c581df0996d90698a1c25bb75fb0ede8b1437da76b358bbd08ee1853776"},
    {file = "pymongo-4.15.0-cp311-cp311-win32.whl", hash = "sha256:f9a2d4c01d80fd3186c91fb91d4c9dcd3e7b7e09e093fb958c1b723ccdbf7165"},
    {file = "pymongo-4.15.0-cp311-cp311-win_amd64.whl", hash = "sha256:e37e8b77187aca6b0e3a7bdf8260635d1adc7f6fa3cd2c41a99d3af3e640cda5"},
    {file = "pymongo-4.15.0-cp311-cp311-win_arm64.whl", hash = "sha256:c83f4b65394e5f752c1fd976e5880801e7749efe34f14a18204ad2ccf095ba19"},
    {file = "pymongo-4.15.0-cp312-cp312-macosx_10_13_x86_64.whl", hash = "sha256:614fc7625019b78b19f2e47fc78c2d66f8d266b57aaedcb8044d909b9a48b49c"},
    {file = "pymongo-4.15.0-cp312-cp312-macosx_11_0_arm64.whl", hash = "sha256:bd4a7360dd37e983712fe032eea71e6d59cdfb86e4e171a38425bd0570fef0af"},
    {file = "pymongo-4.15.0-cp312-cp312-manylinux_2_17_aarch64.manylinux2014_aarch64.whl", hash = "sha256:5169b10686b43bc1ac437ce8ba3447cccb91181c9d229813d94321b833229230"},
    {file = "pymongo-4.15.0-cp312-cp312-manylinux_2_17_ppc64le.manylinux2014_ppc64le.whl", hash = "sha256:e084bb5a28a1a4887096806ed1d09faedece86098e5bb34ea425326e04393a1d"},
    {file = "pymongo-4.15.0-cp312-cp312-manylinux_2_17_s390x.manylinux2014_s390x.whl", hash = "sha256:f646f1d5235ccdb9f58b7bc6d12ec15bbd4275ec993b3623e065d85b21d60ab5"},
    {file = "pymongo-4.15.0-cp312-cp312-manylinux_2_17_x86_64.manylinux2014_x86_64.whl", hash = "sha256:b2f13893f0d4e9b5c0e9f63f4538479a904d3d97f0907ea1b6f83bf1bc9b1f84"},
    {file = "pymongo-4.15.0-cp312-cp312-manylinux_2_5_i686.manylinux1_i686.manylinux_2_17_i686.manylinux2014_i686.whl", hash = "sha256:4d77e199cb2eb52e1d2682fdbf6523ab899b6b2211e4486a3dbc1b7efd8c6133"},
    {file = "pymongo-4.15.0-cp312-cp312-win32.whl", hash = "sha256:958aa856a7b53084623a9e01e5f64969cab387461ca99b79a6137283cf413a2a"},
    {file = "pymongo-4.15.0-cp312-cp312-win_amd64.whl", hash = "sha256:753d74b1d21c912d39654a44ef9d8f09ffda92587e5555ab861459c0beebd9df"},
    {file = "pymongo-4.15.0-cp312-cp312-win_arm64.whl", hash = "sha256:00774f378b354f3e50446f9b48d7c3a6361695d7b4adc156cc6970d6c6bed557"},
    {file = "pymongo-4.15.0-cp313-cp313-macosx_10_13_x86_64.whl", hash = "sha256:ac66f739747b938af5c10a3b7f66cba162703ba34748e91d9e8570e91be6f70f"},
    {file = "pymongo-4.15.0-cp313-cp313-macosx_11_0_arm64.whl", hash = "sha256:45b4e2f43b8e02f444f379ee4e0af8c9704eb8c92af4ae3f0140e1e7183dd911"},
    {file = "pymongo-4.15.0-cp313-cp313-manylinux_2_17_aarch64.manylinux2014_aarch64.whl", hash = "sha256:498971e16a15b6cd03b4b790603172d862c25efa60ac210980f3f68a59cd04a4"},
    {file = "pymongo-4.15.0-cp313-cp313-manylinux_2_17_ppc64le.manylinux2014_ppc64le.whl", hash = "sha256:b9ff919fb4d59f8bc78c7a237e35a6b070574dab9e63e4801398bf49af74a025"},
    {file = "pymongo-4.15.0-cp313-cp313-manylinux_2_17_s390x.manylinux2014_s390x.whl", hash = "sha256:d3c62d63270955a5b90e096ef822ff26b07b9e36ad7cd3203a40a26e11acfc76"},
    {file = "pymongo-4.15.0-cp313-cp313-manylinux_2_17_x86_64.manylinux2014_x86_64.whl", hash = "sha256:176ce2c920a3ef588391f4f2f364bee607692f5dde9093b10f1d45dd4ff84341"},
    {file = "pymongo-4.15.0-cp313-cp313-manylinux_2_5_i686.manylinux1_i686.manylinux_2_17_i686.manylinux2014_i686.whl", hash = "sha256:b17e4c3fa9538d818bdf68ea1d24c148d2e662e36381eb2b9620036a1dd13352"},
    {file = "pymongo-4.15.0-cp313-cp313-win32.whl", hash = "sha256:b7280b19fbaf7dbf0b7efa6bd9f29ef3db0eb845558bb5be2a4e4f673c23cc63"},
    {file = "pymongo-4.15.0-cp313-cp313-win_amd64.whl", hash = "sha256:048e6520f0a5b0ddfc1c7af1e866ad3f0a7b1e8cfc7e32282d4b54a58db4adf8"},
    {file = "pymongo-4.15.0-cp313-cp313-win_arm64.whl", hash = "sha256:995b3d2c4363290d63a31d3629911137af37bd37292c6141b7f27f367f07852d"},
    {file = "pymongo-4.15.0-cp313-cp313t-macosx_10_13_x86_64.whl", hash = "sha256:f7946cf573f6a2bd9a5e022092007d2fca6832ff2ec865de46347970e3b6cf77"},
    {file = "pymongo-4.15.0-cp313-cp313t-macosx_11_0_arm64.whl", hash = "sha256:71bc5231581374e523ddf4f816821ae905749ded3a905f3d7e1d7ae582b45b28"},
    {file = "pymongo-4.15.0-cp313-cp313t-manylinux_2_17_aarch64.manylinux2014_aarch64.whl", hash = "sha256:7e3dcd9bcb818d5be66c3709bba163829e269a5a5395ee5bb2bb1bf1f8dd6225"},
    {file = "pymongo-4.15.0-cp313-cp313t-manylinux_2_17_ppc64le.manylinux2014_ppc64le.whl", hash = "sha256:09fddba097c1a583fb828efd781ea3e0aa806e9a6b672ac8ecb0d8aeec305796"},
    {file = "pymongo-4.15.0-cp313-cp313t-manylinux_2_17_s390x.manylinux2014_s390x.whl", hash = "sha256:20a08466c55294db29c2ca2c0fcdcf3f475161571b571804c2db61482eb4fdee"},
    {file = "pymongo-4.15.0-cp313-cp313t-manylinux_2_17_x86_64.manylinux2014_x86_64.whl", hash = "sha256:f800fc43edf3767ad42764d8eb5af94bfa71a066beb50e99592116c37cdca44e"},
    {file = "pymongo-4.15.0-cp313-cp313t-manylinux_2_5_i686.manylinux1_i686.manylinux_2_17_i686.manylinux2014_i686.whl", hash = "sha256:bd29cf389258f1c3a4409ab0197977ce92c346d4f3ae63b899834076dd890497"},
    {file = "pymongo-4.15.0-cp313-cp313t-win32.whl", hash = "sha256:413154d69cd2bccee5f7cc9af483c99bf37101e2e5e0ae9d494d5f1ff2bc5d2c"},
    {file = "pymongo-4.15.0-cp313-cp313t-win_amd64.whl", hash = "sha256:195f7fc52fe0f490d677dca5c6ef8d1cbcf68e2f0e42e3c59154fbc6b01342e8"},
    {file = "pymongo-4.15.0-cp313-cp313t-win_arm64.whl", hash = "sha256:010297ecaebded4d2d759e118319e3b9bdce9d371d00ca9f5e47a58a546748cc"},
    {file = "pymongo-4.15.0-cp39-cp39-macosx_10_9_x86_64.whl", hash = "sha256:2e88ce1f22db3ceb9d73e9d5cbf1286ad2136df1aeb7f6c6f77cc8cfcaee49fc"},
    {file = "pymongo-4.15.0-cp39-cp39-macosx_11_0_arm64.whl", hash = "sha256:f639d91f375f11cb54cc235f61641be207a506e2a4261d3422e219da19079b11"},
    {file = "pymongo-4.15.0-cp39-cp39-manylinux_2_17_aarch64.manylinux2014_aarch64.whl", hash = "sha256:5fba0a2afc7f3084b77a762ffa117fe10f75becd845198c6c0476c23af133fb8"},
    {file = "pymongo-4.15.0-cp39-cp39-manylinux_2_17_ppc64le.manylinux2014_ppc64le.whl", hash = "sha256:d59b232b24c2d99d31b0182521236d8855f7e2c24e324cdfaad1ec8c231d9f72"},
    {file = "pymongo-4.15.0-cp39-cp39-manylinux_2_17_s390x.manylinux2014_s390x.whl", hash = "sha256:3781e7f3635c9322295d6f4bc47247c0bdf7d1b735b27ec501e4775a347f177a"},
    {file = "pymongo-4.15.0-cp39-cp39-manylinux_2_17_x86_64.manylinux2014_x86_64.whl", hash = "sha256:46c4d590195604ae1d14027b50ad387238e5776d87ba24d6d0c9bff5eca00379"},
    {file = "pymongo-4.15.0-cp39-cp39-manylinux_2_5_i686.manylinux1_i686.manylinux_2_17_i686.manylinux2014_i686.whl", hash = "sha256:11cda43a209eb7eb2d3e6beb8fa4bab39264bde71929f064b6a45fc05e392de2"},
    {file = "pymongo-4.15.0-cp39-cp39-manylinux_2_5_i686.manylinux1_i686.whl", hash = "sha256:c8f128b0f6fbebd6e752a921c33cc3e2bda48027efd481cefc8932b2ffd87367"},
    {file = "pymongo-4.15.0-cp39-cp39-manylinux_2_5_x86_64.manylinux1_x86_64.whl", hash = "sha256:1d7f6a0a9b4300e5b854acb88c2014cfb29f98d1ceab3eaa80ca7694fb36443c"},
    {file = "pymongo-4.15.0-cp39-cp39-win32.whl", hash = "sha256:831fca32b5e374942329ea30e5a99e645574df9659167aaf66b9be4bdce2bb68"},
    {file = "pymongo-4.15.0-cp39-cp39-win_amd64.whl", hash = "sha256:b63bef3ee09380e8305ee7cd9add29715aaeaa3797aee60aaca6334a9fc6e018"},
    {file = "pymongo-4.15.0-cp39-cp39-win_arm64.whl", hash = "sha256:e544a4881f44d4a820002540902e31a3e6f2b913d8c1acda8a667a12879c870e"},
    {file = "pymongo-4.15.0.tar.gz", hash = "sha256:430a6dc088355209e5755f77d85ddea2f1da0bb6123185952a573e7cf25a250a"},
]

[package.dependencies]
dnspython = ">=1.16.0,<3.0.0"

[package.extras]
aws = ["pymongo-auth-aws (>=1.1.0,<2.0.0)"]
docs = ["furo (==2025.7.19)", "readthedocs-sphinx-search (>=0.3,<1.0)", "sphinx (>=5.3,<9)", "sphinx-autobuild (>=2020.9.1)", "sphinx-rtd-theme (>=2,<4)", "sphinxcontrib-shellcheck (>=1,<2)"]
encryption = ["certifi ; os_name == \"nt\" or sys_platform == \"darwin\"", "pymongo-auth-aws (>=1.1.0,<2.0.0)", "pymongocrypt (>=1.13.0,<2.0.0)"]
gssapi = ["pykerberos ; os_name != \"nt\"", "winkerberos (>=0.5.0) ; os_name == \"nt\""]
ocsp = ["certifi ; os_name == \"nt\" or sys_platform == \"darwin\"", "cryptography (>=2.5)", "pyopenssl (>=17.2.0)", "requests (<3.0.0)", "service-identity (>=18.1.0)"]
snappy = ["python-snappy"]
test = ["pytest (>=8.2)", "pytest-asyncio (>=0.24.0)"]
zstd = ["zstandard"]

[[package]]
name = "ruff"
version = "0.13.0"
description = "An extremely fast Python linter and code formatter, written in Rust."
optional = false
python-versions = ">=3.7"
groups = ["main"]
files = [
    {file = "ruff-0.13.0-py3-none-linux_armv6l.whl", hash = "sha256:137f3d65d58ee828ae136a12d1dc33d992773d8f7644bc6b82714570f31b2004"},
    {file = "ruff-0.13.0-py3-none-macosx_10_12_x86_64.whl", hash = "sha256:21ae48151b66e71fd111b7d79f9ad358814ed58c339631450c66a4be33cc28b9"},
    {file = "ruff-0.13.0-py3-none-macosx_11_0_arm64.whl", hash = "sha256:64de45f4ca5441209e41742d527944635a05a6e7c05798904f39c85bafa819e3"},
    {file = "ruff-0.13.0-py3-none-manylinux_2_17_aarch64.manylinux2014_aarch64.whl", hash = "sha256:2b2c653ae9b9d46e0ef62fc6fbf5b979bda20a0b1d2b22f8f7eb0cde9f4963b8"},
    {file = "ruff-0.13.0-py3-none-manylinux_2_17_armv7l.manylinux2014_armv7l.whl", hash = "sha256:4cec632534332062bc9eb5884a267b689085a1afea9801bf94e3ba7498a2d207"},
    {file = "ruff-0.13.0-py3-none-manylinux_2_17_i686.manylinux2014_i686.whl", hash = "sha256:dcd628101d9f7d122e120ac7c17e0a0f468b19bc925501dbe03c1cb7f5415b24"},
    {file = "ruff-0.13.0-py3-none-manylinux_2_17_ppc64.manylinux2014_ppc64.whl", hash = "sha256:afe37db8e1466acb173bb2a39ca92df00570e0fd7c94c72d87b51b21bb63efea"},
    {file = "ruff-0.13.0-py3-none-manylinux_2_17_ppc64le.manylinux2014_ppc64le.whl", hash = "sha256:0f96a8d90bb258d7d3358b372905fe7333aaacf6c39e2408b9f8ba181f4b6ef2"},
    {file = "ruff-0.13.0-py3-none-manylinux_2_17_s390x.manylinux2014_s390x.whl", hash = "sha256:94b5e3d883e4f924c5298e3f2ee0f3085819c14f68d1e5b6715597681433f153"},
    {file = "ruff-0.13.0-py3-none-manylinux_2_17_x86_64.manylinux2014_x86_64.whl", hash = "sha256:03447f3d18479df3d24917a92d768a89f873a7181a064858ea90a804a7538991"},
    {file = "ruff-0.13.0-py3-none-manylinux_2_31_riscv64.whl", hash = "sha256:fbc6b1934eb1c0033da427c805e27d164bb713f8e273a024a7e86176d7f462cf"},
    {file = "ruff-0.13.0-py3-none-musllinux_1_2_aarch64.whl", hash = "sha256:a8ab6a3e03665d39d4a25ee199d207a488724f022db0e1fe4002968abdb8001b"},
    {file = "ruff-0.13.0-py3-none-musllinux_1_2_armv7l.whl", hash = "sha256:d2a5c62f8ccc6dd2fe259917482de7275cecc86141ee10432727c4816235bc41"},
    {file = "ruff-0.13.0-py3-none-musllinux_1_2_i686.whl", hash = "sha256:b7b85ca27aeeb1ab421bc787009831cffe6048faae08ad80867edab9f2760945"},
    {file = "ruff-0.13.0-py3-none-musllinux_1_2_x86_64.whl", hash = "sha256:79ea0c44a3032af768cabfd9616e44c24303af49d633b43e3a5096e009ebe823"},
    {file = "ruff-0.13.0-py3-none-win32.whl", hash = "sha256:4e473e8f0e6a04e4113f2e1de12a5039579892329ecc49958424e5568ef4f768"},
    {file = "ruff-0.13.0-py3-none-win_amd64.whl", hash = "sha256:48e5c25c7a3713eea9ce755995767f4dcd1b0b9599b638b12946e892123d1efb"},
    {file = "ruff-0.13.0-py3-none-win_arm64.whl", hash = "sha256:ab80525317b1e1d38614addec8ac954f1b3e662de9d59114ecbf771d00cf613e"},
    {file = "ruff-0.13.0.tar.gz", hash = "sha256:5b4b1ee7eb35afae128ab94459b13b2baaed282b1fb0f472a73c82c996c8ae60"},
]

[[package]]
name = "shelve-cache"
version = "0.0.4"
description = "Persistant decorator"
optional = false
python-versions = "*"
groups = ["main"]
files = [
    {file = "shelve_cache-0.0.4-py3-none-any.whl", hash = "sha256:9697abcc128c2a44fab66d6ba1ba0e6a853059a89c4d37d07edb7f89c75b91e8"},
    {file = "shelve_cache-0.0.4.tar.gz", hash = "sha256:f139f1b85d4232a0e8ed53b9b2e42d658e0b7771cfaa960c9e08eadd8da5dce0"},
]

[[package]]
name = "sqlparse"
version = "0.5.3"
description = "A non-validating SQL parser."
optional = false
python-versions = ">=3.8"
groups = ["main"]
files = [
    {file = "sqlparse-0.5.3-py3-none-any.whl", hash = "sha256:cf2196ed3418f3ba5de6af7e82c694a9fbdbfecccdfc72e281548517081f16ca"},
    {file = "sqlparse-0.5.3.tar.gz", hash = "sha256:09f67787f56a0b16ecdbde1bfc7f5d9c3371ca683cfeaa8e6ff60b4807ec9272"},
]

[package.extras]
dev = ["build", "hatch"]
doc = ["sphinx"]

[[package]]
name = "stack-data"
version = "0.6.3"
description = "Extract data from python stack frames and tracebacks for informative displays"
optional = false
python-versions = "*"
groups = ["main"]
files = [
    {file = "stack_data-0.6.3-py3-none-any.whl", hash = "sha256:d5558e0c25a4cb0853cddad3d77da9891a08cb85dd9f9f91b9f8cd66e511e695"},
    {file = "stack_data-0.6.3.tar.gz", hash = "sha256:836a778de4fec4dcd1dcd89ed8abff8a221f58308462e1c4aa2a3cf30148f0b9"},
]

[package.dependencies]
asttokens = ">=2.1.0"
executing = ">=1.2.0"
pure-eval = "*"

[package.extras]
tests = ["cython", "littleutils", "pygments", "pytest", "typeguard"]

[[package]]
name = "traitlets"
version = "5.14.3"
description = "Traitlets Python configuration system"
optional = false
python-versions = ">=3.8"
groups = ["main"]
files = [
    {file = "traitlets-5.14.3-py3-none-any.whl", hash = "sha256:b74e89e397b1ed28cc831db7aea759ba6640cb3de13090ca145426688ff1ac4f"},
    {file = "traitlets-5.14.3.tar.gz", hash = "sha256:9ed0579d3502c94b4b3732ac120375cda96f923114522847de4b3bb98b96b6b7"},
]

[package.extras]
docs = ["myst-parser", "pydata-sphinx-theme", "sphinx"]
test = ["argcomplete (>=3.0.3)", "mypy (>=1.7.0)", "pre-commit", "pytest (>=7.0,<8.2)", "pytest-mock", "pytest-mypy-testing"]

[[package]]
name = "tzdata"
version = "2025.2"
description = "Provider of IANA time zone data"
optional = false
python-versions = ">=2"
groups = ["main"]
markers = "sys_platform == \"win32\""
files = [
    {file = "tzdata-2025.2-py2.py3-none-any.whl", hash = "sha256:1a403fada01ff9221ca8044d701868fa132215d84beb92242d9acd2147f667a8"},
    {file = "tzdata-2025.2.tar.gz", hash = "sha256:b60a638fcc0daffadf82fe0f57e53d06bdec2f36c4df66280ae79bce6bd6f2b9"},
]

[[package]]
name = "wcwidth"
version = "0.2.13"
description = "Measures the displayed width of unicode strings in a terminal"
optional = false
python-versions = "*"
groups = ["main"]
files = [
    {file = "wcwidth-0.2.13-py2.py3-none-any.whl", hash = "sha256:3da69048e4540d84af32131829ff948f1e022c1c6bdb8d6102117aac784f6859"},
    {file = "wcwidth-0.2.13.tar.gz", hash = "sha256:72ea0c06399eb286d978fdedb6923a9eb47e1c486ce63e9b4e64fc18303972b5"},
]

[metadata]
lock-version = "2.1"
python-versions = ">=3.12"
content-hash = "615a737f9b8db9f1e025f20d8d8aa286df0e11abf0d1fd0e254e261b85d650a9"
